{
  "nodes": {
    "devenv": {
      "locked": {
        "dir": "src/modules",
        "lastModified": 1787108818,
        "narHash": "sha256-EGC7hYOL7z4upBrP14+VqKYk2wY98eVQ0+iJYB2Y+R8=",
        "owner": "cachix",
        "repo": "devenv",
        "rev": "c97853bfa408cc41b9a943ea8ccbbeccd63668fc",
        "type": "github"
      },
      "original": {
        "dir": "src/modules",
        "owner": "cachix",
        "repo": "devenv",
        "type": "github"
      }
    },
    "nixpkgs": {
      "locked": {
        "lastModified": 1787070829,
        "narHash": "sha256-vXNVDVtvfiQuXthP0NHPFdNvvMTkGpx0UP8oddIWbNk=",
        "owner": "NixOS",
        "repo": "nixpkgs",
        "rev": "0ae2bc1419c3f345984c2629e72e7a631820fa4d",
        "type": "github"
      },
      "original": {
        "owner": "NixOS",
        "ref": "nixos-unstable",
        "repo": "nixpkgs",
        "type": "github"
      }
    },
    "root": {
      "inputs": {
        "devenv": "devenv",
        "nixpkgs": "nixpkgs"
      }
    }
  },
  "root": "root",
  "version": 7
}